
Microsoft Visual Studio Solution File, Format Version 12.00
# Visual Studio Version 17
VisualStudioVersion = 17.11.35312.102
MinimumVisualStudioVersion = 10.0.40219.1
Project("{8BC9CEB8-8B4A-11D0-8D11-00A0C91BC942}") = "Engine", "Engine\Engine.vcxproj", "{7D4FBB2D-0789-4C51-839B-7785D5F0CCBD}"
EndProject
Global
	GlobalSection(SolutionConfigurationPlatforms) = preSolution
		Debug|x64 = Debug|x64
		Debug|x86 = Debug|x86
		Release|x64 = Release|x64
		Release|x86 = Release|x86
	EndGlobalSection
	GlobalSection(ProjectConfigurationPlatforms) = postSolution
		{7D4FBB2D-0789-4C51-839B-7785D5F0CCBD}.Debug|x64.ActiveCfg = Debug|x64
		{7D4FBB2D-0789-4C51-839B-7785D5F0CCBD}.Debug|x64.Build.0 = Debug|x64
		{7D4FBB2D-0789-4C51-839B-7785D5F0CCBD}.Debug|x86.ActiveCfg = Debug|Win32
		{7D4FBB2D-0789-4C51-839B-7785D5F0CCBD}.Debug|x86.Build.0 = Debug|Win32
		{7D4FBB2D-0789-4C51-839B-7785D5F0CCBD}.Release|x64.ActiveCfg = Release|x64
		{7D4FBB2D-0789-4C51-839B-7785D5F0CCBD}.Release|x64.Build.0 = Release|x64
		{7D4FBB2D-0789-4C51-839B-7785D5F0CCBD}.Release|x86.ActiveCfg = Release|Win32
		{7D4FBB2D-0789-4C51-839B-7785D5F0CCBD}.Release|x86.Build.0 = Release|Win32
	EndGlobalSection
	GlobalSection(SolutionProperties) = preSolution
		HideSolutionNode = FALSE
	EndGlobalSection
	GlobalSection(ExtensibilityGlobals) = postSolution
		SolutionGuid = {20910518-8134-44D2-856F-B109D4394EFE}
	EndGlobalSection
EndGlobal
