<?xml version="1.0" encoding="utf-8"?>
<Project ToolsVersion="4.0" xmlns="http://schemas.microsoft.com/developer/msbuild/2003">
  <ItemGroup>
    <Filter Include="Source Files">
      <UniqueIdentifier>{4FC737F1-C7A5-4376-A066-2A32D752A2FF}</UniqueIdentifier>
      <Extensions>cpp;c;cc;cxx;c++;cppm;ixx;def;odl;idl;hpj;bat;asm;asmx</Extensions>
    </Filter>
    <Filter Include="Header Files">
      <UniqueIdentifier>{93995380-89BD-4b04-88EB-625FBE52EBFB}</UniqueIdentifier>
      <Extensions>h;hh;hpp;hxx;h++;hm;inl;inc;ipp;xsd</Extensions>
    </Filter>
    <Filter Include="Resource Files">
      <UniqueIdentifier>{67DA6AB6-F800-4c08-8B7A-83BB121AAD01}</UniqueIdentifier>
      <Extensions>rc;ico;cur;bmp;dlg;rc2;rct;bin;rgs;gif;jpg;jpeg;jpe;resx;tiff;tif;png;wav;mfcribbon-ms</Extensions>
    </Filter>
    <Filter Include="Source Files\shaders">
      <UniqueIdentifier>{e7357c01-ec66-4bcb-b7cd-7d449388c960}</UniqueIdentifier>
    </Filter>
  </ItemGroup>
  <ItemGroup>
    <ClCompile Include="app.cpp">
      <Filter>Source Files</Filter>
    </ClCompile>
    <ClCompile Include="keyboard_movement_controller.cpp">
      <Filter>Source Files</Filter>
    </ClCompile>
    <ClCompile Include="main.cpp">
      <Filter>Source Files</Filter>
    </ClCompile>
    <ClCompile Include="se_camera.cpp">
      <Filter>Source Files</Filter>
    </ClCompile>
    <ClCompile Include="se_device.cpp">
      <Filter>Source Files</Filter>
    </ClCompile>
    <ClCompile Include="se_material.cpp">
      <Filter>Source Files</Filter>
    </ClCompile>
    <ClCompile Include="se_mesh.cpp">
      <Filter>Source Files</Filter>
    </ClCompile>
    <ClCompile Include="se_pipeline.cpp">
      <Filter>Source Files</Filter>
    </ClCompile>
    <ClCompile Include="se_renderer.cpp">
      <Filter>Source Files</Filter>
    </ClCompile>
    <ClCompile Include="se_submesh.cpp">
      <Filter>Source Files</Filter>
    </ClCompile>
    <ClCompile Include="se_swap_chain.cpp">
      <Filter>Source Files</Filter>
    </ClCompile>
    <ClCompile Include="se_texture.cpp">
      <Filter>Source Files</Filter>
    </ClCompile>
    <ClCompile Include="se_window.cpp">
      <Filter>Source Files</Filter>
    </ClCompile>
    <ClCompile Include="simple_render_system.cpp">
      <Filter>Source Files</Filter>
    </ClCompile>
    <ClCompile Include="se_cubemap.cpp">
      <Filter>Source Files</Filter>
    </ClCompile>
  </ItemGroup>
  <ItemGroup>
    <ClInclude Include="include\stb_image.h">
      <Filter>Header Files</Filter>
    </ClInclude>
    <ClInclude Include="include\tiny_obj_loader.h">
      <Filter>Header Files</Filter>
    </ClInclude>
    <ClInclude Include="app.hpp">
      <Filter>Header Files</Filter>
    </ClInclude>
    <ClInclude Include="keyboard_movement_controller.hpp">
      <Filter>Header Files</Filter>
    </ClInclude>
    <ClInclude Include="se_camera.hpp">
      <Filter>Header Files</Filter>
    </ClInclude>
    <ClInclude Include="se_device.hpp">
      <Filter>Header Files</Filter>
    </ClInclude>
    <ClInclude Include="se_gameobject.hpp">
      <Filter>Header Files</Filter>
    </ClInclude>
    <ClInclude Include="se_material.hpp">
      <Filter>Header Files</Filter>
    </ClInclude>
    <ClInclude Include="se_mesh.hpp">
      <Filter>Header Files</Filter>
    </ClInclude>
    <ClInclude Include="se_pipeline.hpp">
      <Filter>Header Files</Filter>
    </ClInclude>
    <ClInclude Include="se_renderer.hpp">
      <Filter>Header Files</Filter>
    </ClInclude>
    <ClInclude Include="se_submesh.hpp">
      <Filter>Header Files</Filter>
    </ClInclude>
    <ClInclude Include="se_swap_chain.hpp">
      <Filter>Header Files</Filter>
    </ClInclude>
    <ClInclude Include="se_texture.hpp">
      <Filter>Header Files</Filter>
    </ClInclude>
    <ClInclude Include="se_vertex.hpp">
      <Filter>Header Files</Filter>
    </ClInclude>
    <ClInclude Include="se_window.hpp">
      <Filter>Header Files</Filter>
    </ClInclude>
    <ClInclude Include="simple_render_system.hpp">
      <Filter>Header Files</Filter>
    </ClInclude>
    <ClInclude Include="se_cubemap.hpp">
      <Filter>Header Files</Filter>
    </ClInclude>
  </ItemGroup>
  <ItemGroup>
    <None Include="shaders\defaultFrag.frag">
      <Filter>Source Files\shaders</Filter>
    </None>
    <None Include="shaders\defaultVert.vert">
      <Filter>Source Files\shaders</Filter>
    </None>
    <None Include="shaders\matfrag.frag">
      <Filter>Source Files\shaders</Filter>
    </None>
    <None Include="shaders\matvert.vert">
      <Filter>Source Files\shaders</Filter>
    </None>
    <None Include="hdr\snowy_forest_4k.hdr">
      <Filter>Resource Files</Filter>
    </None>
    <None Include="shaders\cubemapFrag.frag">
      <Filter>Source Files\shaders</Filter>
    </None>
    <None Include="shaders\cubemapVert.vert">
      <Filter>Source Files\shaders</Filter>
    </None>
  </ItemGroup>
</Project>